
Microsoft Visual Studio Solution File, Format Version 12.00
# Visual Studio 15
VisualStudioVersion = 15.0.27703.2000
MinimumVisualStudioVersion = 10.0.40219.1
Project("{2150E333-8FDC-42A3-9474-1A3956D46DE8}") = "01 UI", "01 UI", "{8321075D-C910-4363-B98B-83DA995DC57A}"
EndProject
Project("{2150E333-8FDC-42A3-9474-1A3956D46DE8}") = "02 Core", "02 Core", "{B5C329D2-E77E-41E0-A1C2-5D014D19ED28}"
EndProject
Project("{2150E333-8FDC-42A3-9474-1A3956D46DE8}") = "03 Common", "03 Common", "{5764FF61-C4C7-4836-979E-D79AB1980D85}"
EndProject
Project("{FAE04EC0-301F-11D3-BF4B-00C04F79EFBC}") = "Site.Common", "Site.Common\Site.Common.csproj", "{CC696CCB-AEE4-425D-857D-AAC7D1F140A3}"
EndProject
Project("{FAE04EC0-301F-11D3-BF4B-00C04F79EFBC}") = "Site.Finance.DataAccess", "Site.Finance.DataAccess\Site.Finance.DataAccess.csproj", "{1DD6B5DC-E925-48F9-AE72-DFD99CCD6616}"
EndProject
Project("{FAE04EC0-301F-11D3-BF4B-00C04F79EFBC}") = "Site.Finance", "Site.Finance\Site.Finance.csproj", "{51AC2338-FE96-40C1-8786-816297A43EBA}"
EndProject
Global
	GlobalSection(SolutionConfigurationPlatforms) = preSolution
		Debug|Any CPU = Debug|Any CPU
		Release|Any CPU = Release|Any CPU
	EndGlobalSection
	GlobalSection(ProjectConfigurationPlatforms) = postSolution
		{CC696CCB-AEE4-425D-857D-AAC7D1F140A3}.Debug|Any CPU.ActiveCfg = Debug|Any CPU
		{CC696CCB-AEE4-425D-857D-AAC7D1F140A3}.Debug|Any CPU.Build.0 = Debug|Any CPU
		{CC696CCB-AEE4-425D-857D-AAC7D1F140A3}.Release|Any CPU.ActiveCfg = Release|Any CPU
		{CC696CCB-AEE4-425D-857D-AAC7D1F140A3}.Release|Any CPU.Build.0 = Release|Any CPU
		{1DD6B5DC-E925-48F9-AE72-DFD99CCD6616}.Debug|Any CPU.ActiveCfg = Debug|Any CPU
		{1DD6B5DC-E925-48F9-AE72-DFD99CCD6616}.Debug|Any CPU.Build.0 = Debug|Any CPU
		{1DD6B5DC-E925-48F9-AE72-DFD99CCD6616}.Release|Any CPU.ActiveCfg = Release|Any CPU
		{1DD6B5DC-E925-48F9-AE72-DFD99CCD6616}.Release|Any CPU.Build.0 = Release|Any CPU
		{51AC2338-FE96-40C1-8786-816297A43EBA}.Debug|Any CPU.ActiveCfg = Debug|Any CPU
		{51AC2338-FE96-40C1-8786-816297A43EBA}.Debug|Any CPU.Build.0 = Debug|Any CPU
		{51AC2338-FE96-40C1-8786-816297A43EBA}.Release|Any CPU.ActiveCfg = Release|Any CPU
		{51AC2338-FE96-40C1-8786-816297A43EBA}.Release|Any CPU.Build.0 = Release|Any CPU
	EndGlobalSection
	GlobalSection(SolutionProperties) = preSolution
		HideSolutionNode = FALSE
	EndGlobalSection
	GlobalSection(NestedProjects) = preSolution
		{CC696CCB-AEE4-425D-857D-AAC7D1F140A3} = {5764FF61-C4C7-4836-979E-D79AB1980D85}
		{1DD6B5DC-E925-48F9-AE72-DFD99CCD6616} = {B5C329D2-E77E-41E0-A1C2-5D014D19ED28}
		{51AC2338-FE96-40C1-8786-816297A43EBA} = {8321075D-C910-4363-B98B-83DA995DC57A}
	EndGlobalSection
	GlobalSection(ExtensibilityGlobals) = postSolution
		SolutionGuid = {85DF8A39-A327-4065-984E-87116E45D658}
	EndGlobalSection
EndGlobal
